
Microsoft Visual Studio Solution File, Format Version 12.00
# Visual Studio Version 17
VisualStudioVersion = 17.2.32630.192
MinimumVisualStudioVersion = 10.0.40219.1
Project("{8BC9CEB8-8B4A-11D0-8D11-00A0C91BC942}") = "Libriry", "Distance\Libriry.vcxproj", "{E48637A8-79F9-4A5A-8A8C-452EC2E368F6}"
EndProject
Project("{8BC9CEB8-8B4A-11D0-8D11-00A0C91BC942}") = "Figures", "Figures\Figures.vcxproj", "{D65D8139-A4D1-450A-A9D1-3DA0BC2735D9}"
EndProject
Project("{8BC9CEB8-8B4A-11D0-8D11-00A0C91BC942}") = "List", "List\List.vcxproj", "{B9ADFB29-8392-46A1-976F-FA6641CF18B9}"
EndProject
Project("{8BC9CEB8-8B4A-11D0-8D11-00A0C91BC942}") = "Matrix", "Matrix\Matrix.vcxproj", "{F4782E9F-BAE4-4041-BE7F-DB24088BF317}"
EndProject
Project("{8BC9CEB8-8B4A-11D0-8D11-00A0C91BC942}") = "Space2D", "Space2D\Space2D.vcxproj", "{4A90073E-9D3C-4EAE-90B5-3E79DC8B0019}"
EndProject
Project("{8BC9CEB8-8B4A-11D0-8D11-00A0C91BC942}") = "Queue", "Queue\Queue.vcxproj", "{79A229C7-4C95-4FBC-99EC-B45FAED410E6}"
EndProject
Project("{8BC9CEB8-8B4A-11D0-8D11-00A0C91BC942}") = "Stek", "Stek\Stek.vcxproj", "{D6D47E55-C794-424F-84FB-3AB80F42B3DC}"
EndProject
Project("{888888A0-9F3D-457C-B088-3A5042F75D52}") = "Square", "Square\Square.pyproj", "{66F2E1B6-0AC3-495A-92A9-9BB0747E38F0}"
EndProject
Project("{8BC9CEB8-8B4A-11D0-8D11-00A0C91BC942}") = "MathExtended", "MathExtended\MathExtended.vcxproj", "{6519406C-4407-44B0-9A1B-2C5E531947D2}"
EndProject
Global
	GlobalSection(SolutionConfigurationPlatforms) = preSolution
		Debug|Any CPU = Debug|Any CPU
		Debug|x64 = Debug|x64
		Debug|x86 = Debug|x86
		Release|Any CPU = Release|Any CPU
		Release|x64 = Release|x64
		Release|x86 = Release|x86
	EndGlobalSection
	GlobalSection(ProjectConfigurationPlatforms) = postSolution
		{E48637A8-79F9-4A5A-8A8C-452EC2E368F6}.Debug|Any CPU.ActiveCfg = Debug|x64
		{E48637A8-79F9-4A5A-8A8C-452EC2E368F6}.Debug|Any CPU.Build.0 = Debug|x64
		{E48637A8-79F9-4A5A-8A8C-452EC2E368F6}.Debug|x64.ActiveCfg = Debug|x64
		{E48637A8-79F9-4A5A-8A8C-452EC2E368F6}.Debug|x64.Build.0 = Debug|x64
		{E48637A8-79F9-4A5A-8A8C-452EC2E368F6}.Debug|x86.ActiveCfg = Debug|Win32
		{E48637A8-79F9-4A5A-8A8C-452EC2E368F6}.Debug|x86.Build.0 = Debug|Win32
		{E48637A8-79F9-4A5A-8A8C-452EC2E368F6}.Release|Any CPU.ActiveCfg = Release|x64
		{E48637A8-79F9-4A5A-8A8C-452EC2E368F6}.Release|Any CPU.Build.0 = Release|x64
		{E48637A8-79F9-4A5A-8A8C-452EC2E368F6}.Release|x64.ActiveCfg = Release|x64
		{E48637A8-79F9-4A5A-8A8C-452EC2E368F6}.Release|x64.Build.0 = Release|x64
		{E48637A8-79F9-4A5A-8A8C-452EC2E368F6}.Release|x86.ActiveCfg = Release|Win32
		{E48637A8-79F9-4A5A-8A8C-452EC2E368F6}.Release|x86.Build.0 = Release|Win32
		{D65D8139-A4D1-450A-A9D1-3DA0BC2735D9}.Debug|Any CPU.ActiveCfg = Debug|x64
		{D65D8139-A4D1-450A-A9D1-3DA0BC2735D9}.Debug|Any CPU.Build.0 = Debug|x64
		{D65D8139-A4D1-450A-A9D1-3DA0BC2735D9}.Debug|x64.ActiveCfg = Debug|x64
		{D65D8139-A4D1-450A-A9D1-3DA0BC2735D9}.Debug|x64.Build.0 = Debug|x64
		{D65D8139-A4D1-450A-A9D1-3DA0BC2735D9}.Debug|x86.ActiveCfg = Debug|Win32
		{D65D8139-A4D1-450A-A9D1-3DA0BC2735D9}.Debug|x86.Build.0 = Debug|Win32
		{D65D8139-A4D1-450A-A9D1-3DA0BC2735D9}.Release|Any CPU.ActiveCfg = Release|x64
		{D65D8139-A4D1-450A-A9D1-3DA0BC2735D9}.Release|Any CPU.Build.0 = Release|x64
		{D65D8139-A4D1-450A-A9D1-3DA0BC2735D9}.Release|x64.ActiveCfg = Release|x64
		{D65D8139-A4D1-450A-A9D1-3DA0BC2735D9}.Release|x64.Build.0 = Release|x64
		{D65D8139-A4D1-450A-A9D1-3DA0BC2735D9}.Release|x86.ActiveCfg = Release|Win32
		{D65D8139-A4D1-450A-A9D1-3DA0BC2735D9}.Release|x86.Build.0 = Release|Win32
		{B9ADFB29-8392-46A1-976F-FA6641CF18B9}.Debug|Any CPU.ActiveCfg = Debug|x64
		{B9ADFB29-8392-46A1-976F-FA6641CF18B9}.Debug|Any CPU.Build.0 = Debug|x64
		{B9ADFB29-8392-46A1-976F-FA6641CF18B9}.Debug|x64.ActiveCfg = Debug|x64
		{B9ADFB29-8392-46A1-976F-FA6641CF18B9}.Debug|x64.Build.0 = Debug|x64
		{B9ADFB29-8392-46A1-976F-FA6641CF18B9}.Debug|x86.ActiveCfg = Debug|Win32
		{B9ADFB29-8392-46A1-976F-FA6641CF18B9}.Debug|x86.Build.0 = Debug|Win32
		{B9ADFB29-8392-46A1-976F-FA6641CF18B9}.Release|Any CPU.ActiveCfg = Release|x64
		{B9ADFB29-8392-46A1-976F-FA6641CF18B9}.Release|Any CPU.Build.0 = Release|x64
		{B9ADFB29-8392-46A1-976F-FA6641CF18B9}.Release|x64.ActiveCfg = Release|x64
		{B9ADFB29-8392-46A1-976F-FA6641CF18B9}.Release|x64.Build.0 = Release|x64
		{B9ADFB29-8392-46A1-976F-FA6641CF18B9}.Release|x86.ActiveCfg = Release|Win32
		{B9ADFB29-8392-46A1-976F-FA6641CF18B9}.Release|x86.Build.0 = Release|Win32
		{F4782E9F-BAE4-4041-BE7F-DB24088BF317}.Debug|Any CPU.ActiveCfg = Debug|x64
		{F4782E9F-BAE4-4041-BE7F-DB24088BF317}.Debug|Any CPU.Build.0 = Debug|x64
		{F4782E9F-BAE4-4041-BE7F-DB24088BF317}.Debug|x64.ActiveCfg = Debug|x64
		{F4782E9F-BAE4-4041-BE7F-DB24088BF317}.Debug|x64.Build.0 = Debug|x64
		{F4782E9F-BAE4-4041-BE7F-DB24088BF317}.Debug|x86.ActiveCfg = Debug|Win32
		{F4782E9F-BAE4-4041-BE7F-DB24088BF317}.Debug|x86.Build.0 = Debug|Win32
		{F4782E9F-BAE4-4041-BE7F-DB24088BF317}.Release|Any CPU.ActiveCfg = Release|x64
		{F4782E9F-BAE4-4041-BE7F-DB24088BF317}.Release|Any CPU.Build.0 = Release|x64
		{F4782E9F-BAE4-4041-BE7F-DB24088BF317}.Release|x64.ActiveCfg = Release|x64
		{F4782E9F-BAE4-4041-BE7F-DB24088BF317}.Release|x64.Build.0 = Release|x64
		{F4782E9F-BAE4-4041-BE7F-DB24088BF317}.Release|x86.ActiveCfg = Release|Win32
		{F4782E9F-BAE4-4041-BE7F-DB24088BF317}.Release|x86.Build.0 = Release|Win32
		{4A90073E-9D3C-4EAE-90B5-3E79DC8B0019}.Debug|Any CPU.ActiveCfg = Debug|x64
		{4A90073E-9D3C-4EAE-90B5-3E79DC8B0019}.Debug|Any CPU.Build.0 = Debug|x64
		{4A90073E-9D3C-4EAE-90B5-3E79DC8B0019}.Debug|x64.ActiveCfg = Debug|x64
		{4A90073E-9D3C-4EAE-90B5-3E79DC8B0019}.Debug|x64.Build.0 = Debug|x64
		{4A90073E-9D3C-4EAE-90B5-3E79DC8B0019}.Debug|x86.ActiveCfg = Debug|Win32
		{4A90073E-9D3C-4EAE-90B5-3E79DC8B0019}.Debug|x86.Build.0 = Debug|Win32
		{4A90073E-9D3C-4EAE-90B5-3E79DC8B0019}.Release|Any CPU.ActiveCfg = Release|x64
		{4A90073E-9D3C-4EAE-90B5-3E79DC8B0019}.Release|Any CPU.Build.0 = Release|x64
		{4A90073E-9D3C-4EAE-90B5-3E79DC8B0019}.Release|x64.ActiveCfg = Release|x64
		{4A90073E-9D3C-4EAE-90B5-3E79DC8B0019}.Release|x64.Build.0 = Release|x64
		{4A90073E-9D3C-4EAE-90B5-3E79DC8B0019}.Release|x86.ActiveCfg = Release|Win32
		{4A90073E-9D3C-4EAE-90B5-3E79DC8B0019}.Release|x86.Build.0 = Release|Win32
		{79A229C7-4C95-4FBC-99EC-B45FAED410E6}.Debug|Any CPU.ActiveCfg = Debug|x64
		{79A229C7-4C95-4FBC-99EC-B45FAED410E6}.Debug|Any CPU.Build.0 = Debug|x64
		{79A229C7-4C95-4FBC-99EC-B45FAED410E6}.Debug|x64.ActiveCfg = Debug|x64
		{79A229C7-4C95-4FBC-99EC-B45FAED410E6}.Debug|x64.Build.0 = Debug|x64
		{79A229C7-4C95-4FBC-99EC-B45FAED410E6}.Debug|x86.ActiveCfg = Debug|Win32
		{79A229C7-4C95-4FBC-99EC-B45FAED410E6}.Debug|x86.Build.0 = Debug|Win32
		{79A229C7-4C95-4FBC-99EC-B45FAED410E6}.Release|Any CPU.ActiveCfg = Release|x64
		{79A229C7-4C95-4FBC-99EC-B45FAED410E6}.Release|Any CPU.Build.0 = Release|x64
		{79A229C7-4C95-4FBC-99EC-B45FAED410E6}.Release|x64.ActiveCfg = Release|x64
		{79A229C7-4C95-4FBC-99EC-B45FAED410E6}.Release|x64.Build.0 = Release|x64
		{79A229C7-4C95-4FBC-99EC-B45FAED410E6}.Release|x86.ActiveCfg = Release|Win32
		{79A229C7-4C95-4FBC-99EC-B45FAED410E6}.Release|x86.Build.0 = Release|Win32
		{D6D47E55-C794-424F-84FB-3AB80F42B3DC}.Debug|Any CPU.ActiveCfg = Debug|x64
		{D6D47E55-C794-424F-84FB-3AB80F42B3DC}.Debug|Any CPU.Build.0 = Debug|x64
		{D6D47E55-C794-424F-84FB-3AB80F42B3DC}.Debug|x64.ActiveCfg = Debug|x64
		{D6D47E55-C794-424F-84FB-3AB80F42B3DC}.Debug|x64.Build.0 = Debug|x64
		{D6D47E55-C794-424F-84FB-3AB80F42B3DC}.Debug|x86.ActiveCfg = Debug|Win32
		{D6D47E55-C794-424F-84FB-3AB80F42B3DC}.Debug|x86.Build.0 = Debug|Win32
		{D6D47E55-C794-424F-84FB-3AB80F42B3DC}.Release|Any CPU.ActiveCfg = Release|x64
		{D6D47E55-C794-424F-84FB-3AB80F42B3DC}.Release|Any CPU.Build.0 = Release|x64
		{D6D47E55-C794-424F-84FB-3AB80F42B3DC}.Release|x64.ActiveCfg = Release|x64
		{D6D47E55-C794-424F-84FB-3AB80F42B3DC}.Release|x64.Build.0 = Release|x64
		{D6D47E55-C794-424F-84FB-3AB80F42B3DC}.Release|x86.ActiveCfg = Release|Win32
		{D6D47E55-C794-424F-84FB-3AB80F42B3DC}.Release|x86.Build.0 = Release|Win32
		{66F2E1B6-0AC3-495A-92A9-9BB0747E38F0}.Debug|Any CPU.ActiveCfg = Debug|Any CPU
		{66F2E1B6-0AC3-495A-92A9-9BB0747E38F0}.Debug|x64.ActiveCfg = Debug|Any CPU
		{66F2E1B6-0AC3-495A-92A9-9BB0747E38F0}.Debug|x86.ActiveCfg = Debug|Any CPU
		{66F2E1B6-0AC3-495A-92A9-9BB0747E38F0}.Release|Any CPU.ActiveCfg = Release|Any CPU
		{66F2E1B6-0AC3-495A-92A9-9BB0747E38F0}.Release|x64.ActiveCfg = Release|Any CPU
		{66F2E1B6-0AC3-495A-92A9-9BB0747E38F0}.Release|x86.ActiveCfg = Release|Any CPU
		{6519406C-4407-44B0-9A1B-2C5E531947D2}.Debug|Any CPU.ActiveCfg = Debug|x64
		{6519406C-4407-44B0-9A1B-2C5E531947D2}.Debug|Any CPU.Build.0 = Debug|x64
		{6519406C-4407-44B0-9A1B-2C5E531947D2}.Debug|x64.ActiveCfg = Debug|x64
		{6519406C-4407-44B0-9A1B-2C5E531947D2}.Debug|x64.Build.0 = Debug|x64
		{6519406C-4407-44B0-9A1B-2C5E531947D2}.Debug|x86.ActiveCfg = Debug|Win32
		{6519406C-4407-44B0-9A1B-2C5E531947D2}.Debug|x86.Build.0 = Debug|Win32
		{6519406C-4407-44B0-9A1B-2C5E531947D2}.Release|Any CPU.ActiveCfg = Release|x64
		{6519406C-4407-44B0-9A1B-2C5E531947D2}.Release|Any CPU.Build.0 = Release|x64
		{6519406C-4407-44B0-9A1B-2C5E531947D2}.Release|x64.ActiveCfg = Release|x64
		{6519406C-4407-44B0-9A1B-2C5E531947D2}.Release|x64.Build.0 = Release|x64
		{6519406C-4407-44B0-9A1B-2C5E531947D2}.Release|x86.ActiveCfg = Release|Win32
		{6519406C-4407-44B0-9A1B-2C5E531947D2}.Release|x86.Build.0 = Release|Win32
	EndGlobalSection
	GlobalSection(SolutionProperties) = preSolution
		HideSolutionNode = FALSE
	EndGlobalSection
	GlobalSection(ExtensibilityGlobals) = postSolution
		SolutionGuid = {68C079B1-899B-4AEC-9712-1AB83F3514D6}
	EndGlobalSection
EndGlobal
